
Microsoft Visual Studio Solution File, Format Version 12.00
# Visual Studio 2013
VisualStudioVersion = 12.0.21005.1
MinimumVisualStudioVersion = 10.0.40219.1
Project("{FAE04EC0-301F-11D3-BF4B-00C04F79EFBC}") = "Payroll_Nikolaev", "Payroll_Nikolaev\Payroll_Nikolaev.csproj", "{2266CF91-3AFE-426C-B4BD-7DA3D8671C05}"
EndProject
Project("{FAE04EC0-301F-11D3-BF4B-00C04F79EFBC}") = "PayrollTest_Nikolaev", "PayrollTest_Nikolaev\PayrollTest_Nikolaev.csproj", "{BC6CAAC7-758D-4DCA-A262-5960636C499E}"
EndProject
Global
	GlobalSection(SolutionConfigurationPlatforms) = preSolution
		Debug|Any CPU = Debug|Any CPU
		Release|Any CPU = Release|Any CPU
	EndGlobalSection
	GlobalSection(ProjectConfigurationPlatforms) = postSolution
		{2266CF91-3AFE-426C-B4BD-7DA3D8671C05}.Debug|Any CPU.ActiveCfg = Debug|Any CPU
		{2266CF91-3AFE-426C-B4BD-7DA3D8671C05}.Debug|Any CPU.Build.0 = Debug|Any CPU
		{2266CF91-3AFE-426C-B4BD-7DA3D8671C05}.Release|Any CPU.ActiveCfg = Release|Any CPU
		{2266CF91-3AFE-426C-B4BD-7DA3D8671C05}.Release|Any CPU.Build.0 = Release|Any CPU
		{BC6CAAC7-758D-4DCA-A262-5960636C499E}.Debug|Any CPU.ActiveCfg = Debug|Any CPU
		{BC6CAAC7-758D-4DCA-A262-5960636C499E}.Debug|Any CPU.Build.0 = Debug|Any CPU
		{BC6CAAC7-758D-4DCA-A262-5960636C499E}.Release|Any CPU.ActiveCfg = Release|Any CPU
		{BC6CAAC7-758D-4DCA-A262-5960636C499E}.Release|Any CPU.Build.0 = Release|Any CPU
	EndGlobalSection
	GlobalSection(SolutionProperties) = preSolution
		HideSolutionNode = FALSE
	EndGlobalSection
EndGlobal
